// !$*UTF8*$!
{
	archiveVersion = 1;
	classes = {
	};
	objectVersion = 50;
	objects = {

/* Begin PBXBuildFile section */
		C21ED203214AAC7C008C1F69 /* AppDelegate.swift in Sources */ = {isa = PBXBuildFile; fileRef = C21ED202214AAC7C008C1F69 /* AppDelegate.swift */; };
		C21ED205214AAC7C008C1F69 /* ViewController.swift in Sources */ = {isa = PBXBuildFile; fileRef = C21ED204214AAC7C008C1F69 /* ViewController.swift */; };
		C21ED208214AAC7C008C1F69 /* Main.storyboard in Resources */ = {isa = PBXBuildFile; fileRef = C21ED206214AAC7C008C1F69 /* Main.storyboard */; };
		C21ED20A214AAC7E008C1F69 /* Assets.xcassets in Resources */ = {isa = PBXBuildFile; fileRef = C21ED209214AAC7E008C1F69 /* Assets.xcassets */; };
		C21ED20D214AAC7E008C1F69 /* LaunchScreen.storyboard in Resources */ = {isa = PBXBuildFile; fileRef = C21ED20B214AAC7E008C1F69 /* LaunchScreen.storyboard */; };
		C21ED218214AAC7E008C1F69 /* myfyttTests.swift in Sources */ = {isa = PBXBuildFile; fileRef = C21ED217214AAC7E008C1F69 /* myfyttTests.swift */; };
		C21ED223214AAC7E008C1F69 /* myfyttUITests.swift in Sources */ = {isa = PBXBuildFile; fileRef = C21ED222214AAC7E008C1F69 /* myfyttUITests.swift */; };
/* End PBXBuildFile section */

/* Begin PBXContainerItemProxy section */
		C21ED214214AAC7E008C1F69 /* PBXContainerItemProxy */ = {
			isa = PBXContainerItemProxy;
			containerPortal = C21ED1F7214AAC7C008C1F69 /* Project object */;
			proxyType = 1;
			remoteGlobalIDString = C21ED1FE214AAC7C008C1F69;
			remoteInfo = myfytt;
		};
		C21ED21F214AAC7E008C1F69 /* PBXContainerItemProxy */ = {
			isa = PBXContainerItemProxy;
			containerPortal = C21ED1F7214AAC7C008C1F69 /* Project object */;
			proxyType = 1;
			remoteGlobalIDString = C21ED1FE214AAC7C008C1F69;
			remoteInfo = myfytt;
		};
/* End PBXContainerItemProxy section */

/* Begin PBXFileReference section */
		C21ED1FF214AAC7C008C1F69 /* myfytt.app */ = {isa = PBXFileReference; explicitFileType = wrapper.application; includeInIndex = 0; path = myfytt.app; sourceTree = BUILT_PRODUCTS_DIR; };
		C21ED202214AAC7C008C1F69 /* AppDelegate.swift */ = {isa = PBXFileReference; lastKnownFileType = sourcecode.swift; path = AppDelegate.swift; sourceTree = "<group>"; };
		C21ED204214AAC7C008C1F69 /* ViewController.swift */ = {isa = PBXFileReference; lastKnownFileType = sourcecode.swift; path = ViewController.swift; sourceTree = "<group>"; };
		C21ED207214AAC7C008C1F69 /* Base */ = {isa = PBXFileReference; lastKnownFileType = file.storyboard; name = Base; path = Base.lproj/Main.storyboard; sourceTree = "<group>"; };
		C21ED209214AAC7E008C1F69 /* Assets.xcassets */ = {isa = PBXFileReference; lastKnownFileType = folder.assetcatalog; path = Assets.xcassets; sourceTree = "<group>"; };
		C21ED20C214AAC7E008C1F69 /* Base */ = {isa = PBXFileReference; lastKnownFileType = file.storyboard; name = Base; path = Base.lproj/LaunchScreen.storyboard; sourceTree = "<group>"; };
		C21ED20E214AAC7E008C1F69 /* Info.plist */ = {isa = PBXFileReference; lastKnownFileType = text.plist.xml; path = Info.plist; sourceTree = "<group>"; };
		C21ED213214AAC7E008C1F69 /* myfyttTests.xctest */ = {isa = PBXFileReference; explicitFileType = wrapper.cfbundle; includeInIndex = 0; path = myfyttTests.xctest; sourceTree = BUILT_PRODUCTS_DIR; };
		C21ED217214AAC7E008C1F69 /* myfyttTests.swift */ = {isa = PBXFileReference; lastKnownFileType = sourcecode.swift; path = myfyttTests.swift; sourceTree = "<group>"; };
		C21ED219214AAC7E008C1F69 /* Info.plist */ = {isa = PBXFileReference; lastKnownFileType = text.plist.xml; path = Info.plist; sourceTree = "<group>"; };
		C21ED21E214AAC7E008C1F69 /* myfyttUITests.xctest */ = {isa = PBXFileReference; explicitFileType = wrapper.cfbundle; includeInIndex = 0; path = myfyttUITests.xctest; sourceTree = BUILT_PRODUCTS_DIR; };
		C21ED222214AAC7E008C1F69 /* myfyttUITests.swift */ = {isa = PBXFileReference; lastKnownFileType = sourcecode.swift; path = myfyttUITests.swift; sourceTree = "<group>"; };
		C21ED224214AAC7E008C1F69 /* Info.plist */ = {isa = PBXFileReference; lastKnownFileType = text.plist.xml; path = Info.plist; sourceTree = "<group>"; };
/* End PBXFileReference section */

/* Begin PBXFrameworksBuildPhase section */
		C21ED1FC214AAC7C008C1F69 /* Frameworks */ = {
			isa = PBXFrameworksBuildPhase;
			buildActionMask = 2147483647;
			files = (
			);
			runOnlyForDeploymentPostprocessing = 0;
		};
		C21ED210214AAC7E008C1F69 /* Frameworks */ = {
			isa = PBXFrameworksBuildPhase;
			buildActionMask = 2147483647;
			files = (
			);
			runOnlyForDeploymentPostprocessing = 0;
		};
		C21ED21B214AAC7E008C1F69 /* Frameworks */ = {
			isa = PBXFrameworksBuildPhase;
			buildActionMask = 2147483647;
			files = (
			);
			runOnlyForDeploymentPostprocessing = 0;
		};
/* End PBXFrameworksBuildPhase section */

/* Begin PBXGroup section */
		C21ED1F6214AAC7C008C1F69 = {
			isa = PBXGroup;
			children = (
				C21ED201214AAC7C008C1F69 /* myfytt */,
				C21ED216214AAC7E008C1F69 /* myfyttTests */,
				C21ED221214AAC7E008C1F69 /* myfyttUITests */,
				C21ED200214AAC7C008C1F69 /* Products */,
			);
			sourceTree = "<group>";
		};
		C21ED200214AAC7C008C1F69 /* Products */ = {
			isa = PBXGroup;
			children = (
				C21ED1FF214AAC7C008C1F69 /* myfytt.app */,
				C21ED213214AAC7E008C1F69 /* myfyttTests.xctest */,
				C21ED21E214AAC7E008C1F69 /* myfyttUITests.xctest */,
			);
			name = Products;
			sourceTree = "<group>";
		};
		C21ED201214AAC7C008C1F69 /* myfytt */ = {
			isa = PBXGroup;
			children = (
				C21ED202214AAC7C008C1F69 /* AppDelegate.swift */,
				C21ED204214AAC7C008C1F69 /* ViewController.swift */,
				C21ED206214AAC7C008C1F69 /* Main.storyboard */,
				C21ED209214AAC7E008C1F69 /* Assets.xcassets */,
				C21ED20B214AAC7E008C1F69 /* LaunchScreen.storyboard */,
				C21ED20E214AAC7E008C1F69 /* Info.plist */,
			);
			path = myfytt;
			sourceTree = "<group>";
		};
		C21ED216214AAC7E008C1F69 /* myfyttTests */ = {
			isa = PBXGroup;
			children = (
				C21ED217214AAC7E008C1F69 /* myfyttTests.swift */,
				C21ED219214AAC7E008C1F69 /* Info.plist */,
			);
			path = myfyttTests;
			sourceTree = "<group>";
		};
		C21ED221214AAC7E008C1F69 /* myfyttUITests */ = {
			isa = PBXGroup;
			children = (
				C21ED222214AAC7E008C1F69 /* myfyttUITests.swift */,
				C21ED224214AAC7E008C1F69 /* Info.plist */,
			);
			path = myfyttUITests;
			sourceTree = "<group>";
		};
/* End PBXGroup section */

/* Begin PBXNativeTarget section */
		C21ED1FE214AAC7C008C1F69 /* myfytt */ = {
			isa = PBXNativeTarget;
			buildConfigurationList = C21ED227214AAC7E008C1F69 /* Build configuration list for PBXNativeTarget "myfytt" */;
			buildPhases = (
				C21ED1FB214AAC7C008C1F69 /* Sources */,
				C21ED1FC214AAC7C008C1F69 /* Frameworks */,
				C21ED1FD214AAC7C008C1F69 /* Resources */,
			);
			buildRules = (
			);
			dependencies = (
			);
			name = myfytt;
			productName = myfytt;
			productReference = C21ED1FF214AAC7C008C1F69 /* myfytt.app */;
			productType = "com.apple.product-type.application";
		};
		C21ED212214AAC7E008C1F69 /* myfyttTests */ = {
			isa = PBXNativeTarget;
			buildConfigurationList = C21ED22A214AAC7E008C1F69 /* Build configuration list for PBXNativeTarget "myfyttTests" */;
			buildPhases = (
				C21ED20F214AAC7E008C1F69 /* Sources */,
				C21ED210214AAC7E008C1F69 /* Frameworks */,
				C21ED211214AAC7E008C1F69 /* Resources */,
			);
			buildRules = (
			);
			dependencies = (
				C21ED215214AAC7E008C1F69 /* PBXTargetDependency */,
			);
			name = myfyttTests;
			productName = myfyttTests;
			productReference = C21ED213214AAC7E008C1F69 /* myfyttTests.xctest */;
			productType = "com.apple.product-type.bundle.unit-test";
		};
		C21ED21D214AAC7E008C1F69 /* myfyttUITests */ = {
			isa = PBXNativeTarget;
			buildConfigurationList = C21ED22D214AAC7E008C1F69 /* Build configuration list for PBXNativeTarget "myfyttUITests" */;
			buildPhases = (
				C21ED21A214AAC7E008C1F69 /* Sources */,
				C21ED21B214AAC7E008C1F69 /* Frameworks */,
				C21ED21C214AAC7E008C1F69 /* Resources */,
			);
			buildRules = (
			);
			dependencies = (
				C21ED220214AAC7E008C1F69 /* PBXTargetDependency */,
			);
			name = myfyttUITests;
			productName = myfyttUITests;
			productReference = C21ED21E214AAC7E008C1F69 /* myfyttUITests.xctest */;
			productType = "com.apple.product-type.bundle.ui-testing";
		};
/* End PBXNativeTarget section */

/* Begin PBXProject section */
		C21ED1F7214AAC7C008C1F69 /* Project object */ = {
			isa = PBXProject;
			attributes = {
				LastSwiftUpdateCheck = 0940;
				LastUpgradeCheck = 0940;
				ORGANIZATIONNAME = "Shehryar K";
				TargetAttributes = {
					C21ED1FE214AAC7C008C1F69 = {
						CreatedOnToolsVersion = 9.4;
					};
					C21ED212214AAC7E008C1F69 = {
						CreatedOnToolsVersion = 9.4;
						TestTargetID = C21ED1FE214AAC7C008C1F69;
					};
					C21ED21D214AAC7E008C1F69 = {
						CreatedOnToolsVersion = 9.4;
						TestTargetID = C21ED1FE214AAC7C008C1F69;
					};
				};
			};
			buildConfigurationList = C21ED1FA214AAC7C008C1F69 /* Build configuration list for PBXProject "myfytt" */;
			compatibilityVersion = "Xcode 9.3";
			developmentRegion = en;
			hasScannedForEncodings = 0;
			knownRegions = (
				en,
				Base,
			);
			mainGroup = C21ED1F6214AAC7C008C1F69;
			productRefGroup = C21ED200214AAC7C008C1F69 /* Products */;
			projectDirPath = "";
			projectRoot = "";
			targets = (
				C21ED1FE214AAC7C008C1F69 /* myfytt */,
				C21ED212214AAC7E008C1F69 /* myfyttTests */,
				C21ED21D214AAC7E008C1F69 /* myfyttUITests */,
			);
		};
/* End PBXProject section */

/* Begin PBXResourcesBuildPhase section */
		C21ED1FD214AAC7C008C1F69 /* Resources */ = {
			isa = PBXResourcesBuildPhase;
			buildActionMask = 2147483647;
			files = (
				C21ED20D214AAC7E008C1F69 /* LaunchScreen.storyboard in Resources */,
				C21ED20A214AAC7E008C1F69 /* Assets.xcassets in Resources */,
				C21ED208214AAC7C008C1F69 /* Main.storyboard in Resources */,
			);
			runOnlyForDeploymentPostprocessing = 0;
		};
		C21ED211214AAC7E008C1F69 /* Resources */ = {
			isa = PBXResourcesBuildPhase;
			buildActionMask = 2147483647;
			files = (
			);
			runOnlyForDeploymentPostprocessing = 0;
		};
		C21ED21C214AAC7E008C1F69 /* Resources */ = {
			isa = PBXResourcesBuildPhase;
			buildActionMask = 2147483647;
			files = (
			);
			runOnlyForDeploymentPostprocessing = 0;
		};
/* End PBXResourcesBuildPhase section */

/* Begin PBXSourcesBuildPhase section */
		C21ED1FB214AAC7C008C1F69 /* Sources */ = {
			isa = PBXSourcesBuildPhase;
			buildActionMask = 2147483647;
			files = (
				C21ED205214AAC7C008C1F69 /* ViewController.swift in Sources */,
				C21ED203214AAC7C008C1F69 /* AppDelegate.swift in Sources */,
			);
			runOnlyForDeploymentPostprocessing = 0;
		};
		C21ED20F214AAC7E008C1F69 /* Sources */ = {
			isa = PBXSourcesBuildPhase;
			buildActionMask = 2147483647;
			files = (
				C21ED218214AAC7E008C1F69 /* myfyttTests.swift in Sources */,
			);
			runOnlyForDeploymentPostprocessing = 0;
		};
		C21ED21A214AAC7E008C1F69 /* Sources */ = {
			isa = PBXSourcesBuildPhase;
			buildActionMask = 2147483647;
			files = (
				C21ED223214AAC7E008C1F69 /* myfyttUITests.swift in Sources */,
			);
			runOnlyForDeploymentPostprocessing = 0;
		};
/* End PBXSourcesBuildPhase section */

/* Begin PBXTargetDependency section */
		C21ED215214AAC7E008C1F69 /* PBXTargetDependency */ = {
			isa = PBXTargetDependency;
			target = C21ED1FE214AAC7C008C1F69 /* myfytt */;
			targetProxy = C21ED214214AAC7E008C1F69 /* PBXContainerItemProxy */;
		};
		C21ED220214AAC7E008C1F69 /* PBXTargetDependency */ = {
			isa = PBXTargetDependency;
			target = C21ED1FE214AAC7C008C1F69 /* myfytt */;
			targetProxy = C21ED21F214AAC7E008C1F69 /* PBXContainerItemProxy */;
		};
/* End PBXTargetDependency section */

/* Begin PBXVariantGroup section */
		C21ED206214AAC7C008C1F69 /* Main.storyboard */ = {
			isa = PBXVariantGroup;
			children = (
				C21ED207214AAC7C008C1F69 /* Base */,
			);
			name = Main.storyboard;
			sourceTree = "<group>";
		};
		C21ED20B214AAC7E008C1F69 /* LaunchScreen.storyboard */ = {
			isa = PBXVariantGroup;
			children = (
				C21ED20C214AAC7E008C1F69 /* Base */,
			);
			name = LaunchScreen.storyboard;
			sourceTree = "<group>";
		};
/* End PBXVariantGroup section */

/* Begin XCBuildConfiguration section */
		C21ED225214AAC7E008C1F69 /* Debug */ = {
			isa = XCBuildConfiguration;
			buildSettings = {
				ALWAYS_SEARCH_USER_PATHS = NO;
				CLANG_ANALYZER_NONNULL = YES;
				CLANG_ANALYZER_NUMBER_OBJECT_CONVERSION = YES_AGGRESSIVE;
				CLANG_CXX_LANGUAGE_STANDARD = "gnu++14";
				CLANG_CXX_LIBRARY = "libc++";
				CLANG_ENABLE_MODULES = YES;
				CLANG_ENABLE_OBJC_ARC = YES;
				CLANG_ENABLE_OBJC_WEAK = YES;
				CLANG_WARN_BLOCK_CAPTURE_AUTORELEASING = YES;
				CLANG_WARN_BOOL_CONVERSION = YES;
				CLANG_WARN_COMMA = YES;
				CLANG_WARN_CONSTANT_CONVERSION = YES;
				CLANG_WARN_DEPRECATED_OBJC_IMPLEMENTATIONS = YES;
				CLANG_WARN_DIRECT_OBJC_ISA_USAGE = YES_ERROR;
				CLANG_WARN_DOCUMENTATION_COMMENTS = YES;
				CLANG_WARN_EMPTY_BODY = YES;
				CLANG_WARN_ENUM_CONVERSION = YES;
				CLANG_WARN_INFINITE_RECURSION = YES;
				CLANG_WARN_INT_CONVERSION = YES;
				CLANG_WARN_NON_LITERAL_NULL_CONVERSION = YES;
				CLANG_WARN_OBJC_IMPLICIT_RETAIN_SELF = YES;
				CLANG_WARN_OBJC_LITERAL_CONVERSION = YES;
				CLANG_WARN_OBJC_ROOT_CLASS = YES_ERROR;
				CLANG_WARN_RANGE_LOOP_ANALYSIS = YES;
				CLANG_WARN_STRICT_PROTOTYPES = YES;
				CLANG_WARN_SUSPICIOUS_MOVE = YES;
				CLANG_WARN_UNGUARDED_AVAILABILITY = YES_AGGRESSIVE;
				CLANG_WARN_UNREACHABLE_CODE = YES;
				CLANG_WARN__DUPLICATE_METHOD_MATCH = YES;
				CODE_SIGN_IDENTITY = "iPhone Developer";
				COPY_PHASE_STRIP = NO;
				DEBUG_INFORMATION_FORMAT = dwarf;
				ENABLE_STRICT_OBJC_MSGSEND = YES;
				ENABLE_TESTABILITY = YES;
				GCC_C_LANGUAGE_STANDARD = gnu11;
				GCC_DYNAMIC_NO_PIC = NO;
				GCC_NO_COMMON_BLOCKS = YES;
				GCC_OPTIMIZATION_LEVEL = 0;
				GCC_PREPROCESSOR_DEFINITIONS = (
					"DEBUG=1",
					"$(inherited)",
				);
				GCC_WARN_64_TO_32_BIT_CONVERSION = YES;
				GCC_WARN_ABOUT_RETURN_TYPE = YES_ERROR;
				GCC_WARN_UNDECLARED_SELECTOR = YES;
				GCC_WARN_UNINITIALIZED_AUTOS = YES_AGGRESSIVE;
				GCC_WARN_UNUSED_FUNCTION = YES;
				GCC_WARN_UNUSED_VARIABLE = YES;
				IPHONEOS_DEPLOYMENT_TARGET = 11.4;
				MTL_ENABLE_DEBUG_INFO = YES;
				ONLY_ACTIVE_ARCH = YES;
				SDKROOT = iphoneos;
				SWIFT_ACTIVE_COMPILATION_CONDITIONS = DEBUG;
				SWIFT_OPTIMIZATION_LEVEL = "-Onone";
			};
			name = Debug;
		};
		C21ED226214AAC7E008C1F69 /* Release */ = {
			isa = XCBuildConfiguration;
			buildSettings = {
				ALWAYS_SEARCH_USER_PATHS = NO;
				CLANG_ANALYZER_NONNULL = YES;
				CLANG_ANALYZER_NUMBER_OBJECT_CONVERSION = YES_AGGRESSIVE;
				CLANG_CXX_LANGUAGE_STANDARD = "gnu++14";
				CLANG_CXX_LIBRARY = "libc++";
				CLANG_ENABLE_MODULES = YES;
				CLANG_ENABLE_OBJC_ARC = YES;
				CLANG_ENABLE_OBJC_WEAK = YES;
				CLANG_WARN_BLOCK_CAPTURE_AUTORELEASING = YES;
				CLANG_WARN_BOOL_CONVERSION = YES;
				CLANG_WARN_COMMA = YES;
				CLANG_WARN_CONSTANT_CONVERSION = YES;
				CLANG_WARN_DEPRECATED_OBJC_IMPLEMENTATIONS = YES;
				CLANG_WARN_DIRECT_OBJC_ISA_USAGE = YES_ERROR;
				CLANG_WARN_DOCUMENTATION_COMMENTS = YES;
				CLANG_WARN_EMPTY_BODY = YES;
				CLANG_WARN_ENUM_CONVERSION = YES;
				CLANG_WARN_INFINITE_RECURSION = YES;
				CLANG_WARN_INT_CONVERSION = YES;
				CLANG_WARN_NON_LITERAL_NULL_CONVERSION = YES;
				CLANG_WARN_OBJC_IMPLICIT_RETAIN_SELF = YES;
				CLANG_WARN_OBJC_LITERAL_CONVERSION = YES;
				CLANG_WARN_OBJC_ROOT_CLASS = YES_ERROR;
				CLANG_WARN_RANGE_LOOP_ANALYSIS = YES;
				CLANG_WARN_STRICT_PROTOTYPES = YES;
				CLANG_WARN_SUSPICIOUS_MOVE = YES;
				CLANG_WARN_UNGUARDED_AVAILABILITY = YES_AGGRESSIVE;
				CLANG_WARN_UNREACHABLE_CODE = YES;
				CLANG_WARN__DUPLICATE_METHOD_MATCH = YES;
				CODE_SIGN_IDENTITY = "iPhone Developer";
				COPY_PHASE_STRIP = NO;
				DEBUG_INFORMATION_FORMAT = "dwarf-with-dsym";
				ENABLE_NS_ASSERTIONS = NO;
				ENABLE_STRICT_OBJC_MSGSEND = YES;
				GCC_C_LANGUAGE_STANDARD = gnu11;
				GCC_NO_COMMON_BLOCKS = YES;
				GCC_WARN_64_TO_32_BIT_CONVERSION = YES;
				GCC_WARN_ABOUT_RETURN_TYPE = YES_ERROR;
				GCC_WARN_UNDECLARED_SELECTOR = YES;
				GCC_WARN_UNINITIALIZED_AUTOS = YES_AGGRESSIVE;
				GCC_WARN_UNUSED_FUNCTION = YES;
				GCC_WARN_UNUSED_VARIABLE = YES;
				IPHONEOS_DEPLOYMENT_TARGET = 11.4;
				MTL_ENABLE_DEBUG_INFO = NO;
				SDKROOT = iphoneos;
				SWIFT_COMPILATION_MODE = wholemodule;
				SWIFT_OPTIMIZATION_LEVEL = "-O";
				VALIDATE_PRODUCT = YES;
			};
			name = Release;
		};
		C21ED228214AAC7E008C1F69 /* Debug */ = {
			isa = XCBuildConfiguration;
			buildSettings = {
				ASSETCATALOG_COMPILER_APPICON_NAME = AppIcon;
				CODE_SIGN_STYLE = Automatic;
				INFOPLIST_FILE = myfytt/Info.plist;
				LD_RUNPATH_SEARCH_PATHS = (
					"$(inherited)",
					"@executable_path/Frameworks",
				);
				PRODUCT_BUNDLE_IDENTIFIER = ptpepp.myfytt;
				PRODUCT_NAME = "$(TARGET_NAME)";
				SWIFT_VERSION = 4.0;
				TARGETED_DEVICE_FAMILY = "1,2";
			};
			name = Debug;
		};
		C21ED229214AAC7E008C1F69 /* Release */ = {
			isa = XCBuildConfiguration;
			buildSettings = {
				ASSETCATALOG_COMPILER_APPICON_NAME = AppIcon;
				CODE_SIGN_STYLE = Automatic;
				INFOPLIST_FILE = myfytt/Info.plist;
				LD_RUNPATH_SEARCH_PATHS = (
					"$(inherited)",
					"@executable_path/Frameworks",
				);
				PRODUCT_BUNDLE_IDENTIFIER = ptpepp.myfytt;
				PRODUCT_NAME = "$(TARGET_NAME)";
				SWIFT_VERSION = 4.0;
				TARGETED_DEVICE_FAMILY = "1,2";
			};
			name = Release;
		};
		C21ED22B214AAC7E008C1F69 /* Debug */ = {
			isa = XCBuildConfiguration;
			buildSettings = {
				ALWAYS_EMBED_SWIFT_STANDARD_LIBRARIES = YES;
				BUNDLE_LOADER = "$(TEST_HOST)";
				CODE_SIGN_STYLE = Automatic;
				INFOPLIST_FILE = myfyttTests/Info.plist;
				LD_RUNPATH_SEARCH_PATHS = (
					"$(inherited)",
					"@executable_path/Frameworks",
					"@loader_path/Frameworks",
				);
				PRODUCT_BUNDLE_IDENTIFIER = ptpepp.myfyttTests;
				PRODUCT_NAME = "$(TARGET_NAME)";
				SWIFT_VERSION = 4.0;
				TARGETED_DEVICE_FAMILY = "1,2";
				TEST_HOST = "$(BUILT_PRODUCTS_DIR)/myfytt.app/myfytt";
			};
			name = Debug;
		};
		C21ED22C214AAC7E008C1F69 /* Release */ = {
			isa = XCBuildConfiguration;
			buildSettings = {
				ALWAYS_EMBED_SWIFT_STANDARD_LIBRARIES = YES;
				BUNDLE_LOADER = "$(TEST_HOST)";
				CODE_SIGN_STYLE = Automatic;
				INFOPLIST_FILE = myfyttTests/Info.plist;
				LD_RUNPATH_SEARCH_PATHS = (
					"$(inherited)",
					"@executable_path/Frameworks",
					"@loader_path/Frameworks",
				);
				PRODUCT_BUNDLE_IDENTIFIER = ptpepp.myfyttTests;
				PRODUCT_NAME = "$(TARGET_NAME)";
				SWIFT_VERSION = 4.0;
				TARGETED_DEVICE_FAMILY = "1,2";
				TEST_HOST = "$(BUILT_PRODUCTS_DIR)/myfytt.app/myfytt";
			};
			name = Release;
		};
		C21ED22E214AAC7E008C1F69 /* Debug */ = {
			isa = XCBuildConfiguration;
			buildSettings = {
				ALWAYS_EMBED_SWIFT_STANDARD_LIBRARIES = YES;
				CODE_SIGN_STYLE = Automatic;
				INFOPLIST_FILE = myfyttUITests/Info.plist;
				LD_RUNPATH_SEARCH_PATHS = (
					"$(inherited)",
					"@executable_path/Frameworks",
					"@loader_path/Frameworks",
				);
				PRODUCT_BUNDLE_IDENTIFIER = ptpepp.myfyttUITests;
				PRODUCT_NAME = "$(TARGET_NAME)";
				SWIFT_VERSION = 4.0;
				TARGETED_DEVICE_FAMILY = "1,2";
				TEST_TARGET_NAME = myfytt;
			};
			name = Debug;
		};
		C21ED22F214AAC7E008C1F69 /* Release */ = {
			isa = XCBuildConfiguration;
			buildSettings = {
				ALWAYS_EMBED_SWIFT_STANDARD_LIBRARIES = YES;
				CODE_SIGN_STYLE = Automatic;
				INFOPLIST_FILE = myfyttUITests/Info.plist;
				LD_RUNPATH_SEARCH_PATHS = (
					"$(inherited)",
					"@executable_path/Frameworks",
					"@loader_path/Frameworks",
				);
				PRODUCT_BUNDLE_IDENTIFIER = ptpepp.myfyttUITests;
				PRODUCT_NAME = "$(TARGET_NAME)";
				SWIFT_VERSION = 4.0;
				TARGETED_DEVICE_FAMILY = "1,2";
				TEST_TARGET_NAME = myfytt;
			};
			name = Release;
		};
/* End XCBuildConfiguration section */

/* Begin XCConfigurationList section */
		C21ED1FA214AAC7C008C1F69 /* Build configuration list for PBXProject "myfytt" */ = {
			isa = XCConfigurationList;
			buildConfigurations = (
				C21ED225214AAC7E008C1F69 /* Debug */,
				C21ED226214AAC7E008C1F69 /* Release */,
			);
			defaultConfigurationIsVisible = 0;
			defaultConfigurationName = Release;
		};
		C21ED227214AAC7E008C1F69 /* Build configuration list for PBXNativeTarget "myfytt" */ = {
			isa = XCConfigurationList;
			buildConfigurations = (
				C21ED228214AAC7E008C1F69 /* Debug */,
				C21ED229214AAC7E008C1F69 /* Release */,
			);
			defaultConfigurationIsVisible = 0;
			defaultConfigurationName = Release;
		};
		C21ED22A214AAC7E008C1F69 /* Build configuration list for PBXNativeTarget "myfyttTests" */ = {
			isa = XCConfigurationList;
			buildConfigurations = (
				C21ED22B214AAC7E008C1F69 /* Debug */,
				C21ED22C214AAC7E008C1F69 /* Release */,
			);
			defaultConfigurationIsVisible = 0;
			defaultConfigurationName = Release;
		};
		C21ED22D214AAC7E008C1F69 /* Build configuration list for PBXNativeTarget "myfyttUITests" */ = {
			isa = XCConfigurationList;
			buildConfigurations = (
				C21ED22E214AAC7E008C1F69 /* Debug */,
				C21ED22F214AAC7E008C1F69 /* Release */,
			);
			defaultConfigurationIsVisible = 0;
			defaultConfigurationName = Release;
		};
/* End XCConfigurationList section */
	};
	rootObject = C21ED1F7214AAC7C008C1F69 /* Project object */;
}
